{
  "name": "n8n-ai-agent-security-lab",
  "version": "1.3.0",
  "lockfileVersion": 3,
  "requires": true,
  "packages": {
    "": {
      "name": "n8n-ai-agent-security-lab",
      "version": "1.3.0",
      "license": "MIT",
      "bin": {
        "n8n-ai-sec": "bin/gate.mjs",
        "n8n-ai-sec-map": "bin/map.mjs",
        "releaseguard-pr": "bin/pr-gate.mjs"
      },
      "engines": {
        "node": ">=20"
      }
    }
  }
}
